<?xml version="1.0" encoding="utf-8"?>
<Project ToolsVersion="4.0" xmlns="http://schemas.microsoft.com/developer/msbuild/2003">
  <ItemGroup>
    <Filter Include="Source Files">
      <UniqueIdentifier>{4FC737F1-C7A5-4376-A066-2A32D752A2FF}</UniqueIdentifier>
      <Extensions>cpp;c;cc;cxx;c++;cppm;ixx;def;odl;idl;hpj;bat;asm;asmx</Extensions>
    </Filter>
    <Filter Include="Header Files">
      <UniqueIdentifier>{93995380-89BD-4b04-88EB-625FBE52EBFB}</UniqueIdentifier>
      <Extensions>h;hh;hpp;hxx;h++;hm;inl;inc;ipp;xsd</Extensions>
    </Filter>
    <Filter Include="Resource Files">
      <UniqueIdentifier>{67DA6AB6-F800-4c08-8B7A-83BB121AAD01}</UniqueIdentifier>
      <Extensions>rc;ico;cur;bmp;dlg;rc2;rct;bin;rgs;gif;jpg;jpeg;jpe;resx;tiff;tif;png;wav;mfcribbon-ms</Extensions>
    </Filter>
    <Filter Include="Source Files\Game Loop">
      <UniqueIdentifier>{19c171a8-6a64-435d-8347-8c4d73d0c110}</UniqueIdentifier>
    </Filter>
    <Filter Include="Header Files\Game Loop">
      <UniqueIdentifier>{3afa9f0a-966e-40b8-a490-5331b193e4d0}</UniqueIdentifier>
    </Filter>
    <Filter Include="Source Files\Graphics">
      <UniqueIdentifier>{f7da3468-ade1-49eb-b142-331344890683}</UniqueIdentifier>
    </Filter>
    <Filter Include="Header Files\Graphics">
      <UniqueIdentifier>{afda8d99-bebe-4d71-90c2-c81c39ff2257}</UniqueIdentifier>
    </Filter>
    <Filter Include="Source Files\State">
      <UniqueIdentifier>{68c261ea-71d6-4608-ba08-91b494dec6ec}</UniqueIdentifier>
    </Filter>
    <Filter Include="Header Files\State">
      <UniqueIdentifier>{605ea6e4-c839-4ba0-8583-2c9416c36d57}</UniqueIdentifier>
    </Filter>
    <Filter Include="Header Files\Game">
      <UniqueIdentifier>{eeeb9517-31d7-4f88-a9fa-a3aa629f3c42}</UniqueIdentifier>
    </Filter>
    <Filter Include="Source Files\Game">
      <UniqueIdentifier>{370987d6-1d95-4dd8-888a-6a554c05527b}</UniqueIdentifier>
    </Filter>
    <Filter Include="Header Files\Map">
      <UniqueIdentifier>{835cbdd8-058b-480a-a0a3-47066566c301}</UniqueIdentifier>
    </Filter>
    <Filter Include="Source Files\Map">
      <UniqueIdentifier>{81976975-52fa-4f98-97da-efa9fb090dc3}</UniqueIdentifier>
    </Filter>
    <Filter Include="Audio">
      <UniqueIdentifier>{39eb5e63-5239-4ffe-a9a4-db4507afcbce}</UniqueIdentifier>
    </Filter>
    <Filter Include="Source Files\Audio">
      <UniqueIdentifier>{4b97231b-c33e-47dc-a160-c01de5a6d32a}</UniqueIdentifier>
    </Filter>
    <Filter Include="Source Files\Game\NPCs">
      <UniqueIdentifier>{e76b1317-1d43-4fd7-89f5-a76dd1f53b9e}</UniqueIdentifier>
    </Filter>
  </ItemGroup>
  <ItemGroup>
    <ClCompile Include="DragonQuest.cpp">
      <Filter>Source Files</Filter>
    </ClCompile>
    <ClCompile Include="render.cpp">
      <Filter>Source Files\Game Loop</Filter>
    </ClCompile>
    <ClCompile Include="texture.cpp">
      <Filter>Source Files\Graphics</Filter>
    </ClCompile>
    <ClCompile Include="titleScreen.cpp">
      <Filter>Source Files\State</Filter>
    </ClCompile>
    <ClCompile Include="input.cpp">
      <Filter>Source Files\Game Loop</Filter>
    </ClCompile>
    <ClCompile Include="dragonWarrior_Tiles.cpp">
      <Filter>Source Files\Graphics</Filter>
    </ClCompile>
    <ClCompile Include="text.cpp">
      <Filter>Source Files\Graphics</Filter>
    </ClCompile>
    <ClCompile Include="playing.cpp">
      <Filter>Source Files\State</Filter>
    </ClCompile>
    <ClCompile Include="player.cpp">
      <Filter>Source Files\Game</Filter>
    </ClCompile>
    <ClCompile Include="sprite.cpp">
      <Filter>Source Files\Graphics</Filter>
    </ClCompile>
    <ClCompile Include="dragonWarrior_Sprites.cpp">
      <Filter>Source Files\Graphics</Filter>
    </ClCompile>
    <ClCompile Include="time.cpp">
      <Filter>Source Files\Game</Filter>
    </ClCompile>
    <ClCompile Include="tiles.cpp">
      <Filter>Source Files\Game</Filter>
    </ClCompile>
    <ClCompile Include="camera.cpp">
      <Filter>Source Files\Graphics</Filter>
    </ClCompile>
    <ClCompile Include="FreeFuncs.cpp">
      <Filter>Source Files\Map</Filter>
    </ClCompile>
    <ClCompile Include="ImageLayer.cpp">
      <Filter>Source Files\Map</Filter>
    </ClCompile>
    <ClCompile Include="LayerGroup.cpp">
      <Filter>Source Files\Map</Filter>
    </ClCompile>
    <ClCompile Include="Object.cpp">
      <Filter>Source Files\Map</Filter>
    </ClCompile>
    <ClCompile Include="ObjectGroup.cpp">
      <Filter>Source Files\Map</Filter>
    </ClCompile>
    <ClCompile Include="ObjectTypes.cpp">
      <Filter>Source Files\Map</Filter>
    </ClCompile>
    <ClCompile Include="Property.cpp">
      <Filter>Source Files\Map</Filter>
    </ClCompile>
    <ClCompile Include="TileLayer.cpp">
      <Filter>Source Files\Map</Filter>
    </ClCompile>
    <ClCompile Include="Tileset.cpp">
      <Filter>Source Files\Map</Filter>
    </ClCompile>
    <ClCompile Include="Map.cpp">
      <Filter>Source Files\Map</Filter>
    </ClCompile>
    <ClCompile Include="miniz.c">
      <Filter>Source Files\Map</Filter>
    </ClCompile>
    <ClCompile Include="pugixml.cpp">
      <Filter>Source Files\Map</Filter>
    </ClCompile>
    <ClCompile Include="gameMap.cpp">
      <Filter>Source Files\Game</Filter>
    </ClCompile>
    <ClCompile Include="music.cpp">
      <Filter>Source Files\Audio</Filter>
    </ClCompile>
    <ClCompile Include="sfx.cpp">
      <Filter>Source Files\Audio</Filter>
    </ClCompile>
    <ClCompile Include="npcs.cpp">
      <Filter>Source Files\Game\NPCs</Filter>
    </ClCompile>
  </ItemGroup>
  <ItemGroup>
    <ClInclude Include="render.h">
      <Filter>Header Files\Game Loop</Filter>
    </ClInclude>
    <ClInclude Include="texture.h">
      <Filter>Header Files\Graphics</Filter>
    </ClInclude>
    <ClInclude Include="titleScreen.h">
      <Filter>Header Files\State</Filter>
    </ClInclude>
    <ClInclude Include="state.h">
      <Filter>Header Files\State</Filter>
    </ClInclude>
    <ClInclude Include="input.h">
      <Filter>Header Files\Game Loop</Filter>
    </ClInclude>
    <ClInclude Include="dragonWarrior_Tiles.h">
      <Filter>Header Files\Graphics</Filter>
    </ClInclude>
    <ClInclude Include="text.h">
      <Filter>Header Files\Graphics</Filter>
    </ClInclude>
    <ClInclude Include="playing.h">
      <Filter>Header Files\State</Filter>
    </ClInclude>
    <ClInclude Include="player.h">
      <Filter>Header Files\Game</Filter>
    </ClInclude>
    <ClInclude Include="sprite.h">
      <Filter>Header Files\Graphics</Filter>
    </ClInclude>
    <ClInclude Include="dragonWarrior_Sprites.h">
      <Filter>Header Files\Graphics</Filter>
    </ClInclude>
    <ClInclude Include="time.h">
      <Filter>Header Files\Game</Filter>
    </ClInclude>
    <ClInclude Include="tiles.h">
      <Filter>Header Files\Game</Filter>
    </ClInclude>
    <ClInclude Include="camera.h">
      <Filter>Header Files\Graphics</Filter>
    </ClInclude>
    <ClInclude Include="Config.hpp">
      <Filter>Header Files\Map</Filter>
    </ClInclude>
    <ClInclude Include="FreeFuncs.hpp">
      <Filter>Header Files\Map</Filter>
    </ClInclude>
    <ClInclude Include="ImageLayer.hpp">
      <Filter>Header Files\Map</Filter>
    </ClInclude>
    <ClInclude Include="Layer.hpp">
      <Filter>Header Files\Map</Filter>
    </ClInclude>
    <ClInclude Include="LayerGroup.hpp">
      <Filter>Header Files\Map</Filter>
    </ClInclude>
    <ClInclude Include="Map.hpp">
      <Filter>Header Files\Map</Filter>
    </ClInclude>
    <ClInclude Include="Object.hpp">
      <Filter>Header Files\Map</Filter>
    </ClInclude>
    <ClInclude Include="ObjectGroup.hpp">
      <Filter>Header Files\Map</Filter>
    </ClInclude>
    <ClInclude Include="ObjectTypes.hpp">
      <Filter>Header Files\Map</Filter>
    </ClInclude>
    <ClInclude Include="Property.hpp">
      <Filter>Header Files\Map</Filter>
    </ClInclude>
    <ClInclude Include="TileLayer.hpp">
      <Filter>Header Files\Map</Filter>
    </ClInclude>
    <ClInclude Include="Tileset.hpp">
      <Filter>Header Files\Map</Filter>
    </ClInclude>
    <ClInclude Include="Types.hpp">
      <Filter>Header Files\Map</Filter>
    </ClInclude>
    <ClInclude Include="miniz.h">
      <Filter>Header Files\Map</Filter>
    </ClInclude>
    <ClInclude Include="Log.hpp">
      <Filter>Header Files\Map</Filter>
    </ClInclude>
    <ClInclude Include="pugiconfig.hpp">
      <Filter>Header Files\Map</Filter>
    </ClInclude>
    <ClInclude Include="pugixml.hpp">
      <Filter>Header Files\Map</Filter>
    </ClInclude>
    <ClInclude Include="Android.hpp">
      <Filter>Header Files\Map</Filter>
    </ClInclude>
    <ClInclude Include="gameMap.h">
      <Filter>Header Files\Game</Filter>
    </ClInclude>
    <ClInclude Include="music.h">
      <Filter>Audio</Filter>
    </ClInclude>
    <ClInclude Include="sfx.h">
      <Filter>Audio</Filter>
    </ClInclude>
    <ClInclude Include="npcs.h">
      <Filter>Header Files\Game</Filter>
    </ClInclude>
  </ItemGroup>
  <ItemGroup>
    <None Include="packages.config" />
    <None Include="Types.inl">
      <Filter>Resource Files</Filter>
    </None>
  </ItemGroup>
</Project>